
Microsoft Visual Studio Solution File, Format Version 12.00
# Visual Studio Version 17
VisualStudioVersion = 17.11.35222.181
MinimumVisualStudioVersion = 10.0.40219.1
Project("{FAE04EC0-301F-11D3-BF4B-00C04F79EFBC}") = "AES256", "AES256.csproj", "{992A3054-B849-45F2-A6B1-1CF4DE8E66AF}"
EndProject
Global
	GlobalSection(SolutionConfigurationPlatforms) = preSolution
		Debug|Any CPU = Debug|Any CPU
		Release|Any CPU = Release|Any CPU
	EndGlobalSection
	GlobalSection(ProjectConfigurationPlatforms) = postSolution
		{992A3054-B849-45F2-A6B1-1CF4DE8E66AF}.Debug|Any CPU.ActiveCfg = Debug|Any CPU
		{992A3054-B849-45F2-A6B1-1CF4DE8E66AF}.Debug|Any CPU.Build.0 = Debug|Any CPU
		{992A3054-B849-45F2-A6B1-1CF4DE8E66AF}.Release|Any CPU.ActiveCfg = Release|Any CPU
		{992A3054-B849-45F2-A6B1-1CF4DE8E66AF}.Release|Any CPU.Build.0 = Release|Any CPU
	EndGlobalSection
	GlobalSection(SolutionProperties) = preSolution
		HideSolutionNode = FALSE
	EndGlobalSection
	GlobalSection(ExtensibilityGlobals) = postSolution
		SolutionGuid = {617BE24C-37A9-4C34-A796-FC310B5D66B8}
	EndGlobalSection
EndGlobal
